// !$*UTF8*$!
{
	archiveVersion = 1;
	classes = {
	};
	objectVersion = 50;
	objects = {

/* Begin PBXBuildFile section */
		536B1CB4266247EC000578F7 /* AppDelegate.swift in Sources */ = {isa = PBXBuildFile; fileRef = 536B1CB3266247EC000578F7 /* AppDelegate.swift */; };
		536B1CB6266247EC000578F7 /* SceneDelegate.swift in Sources */ = {isa = PBXBuildFile; fileRef = 536B1CB5266247EC000578F7 /* SceneDelegate.swift */; };
		536B1CB8266247EC000578F7 /* ItemsViewController.swift in Sources */ = {isa = PBXBuildFile; fileRef = 536B1CB7266247EC000578F7 /* ItemsViewController.swift */; };
		536B1CBB266247EC000578F7 /* Main.storyboard in Resources */ = {isa = PBXBuildFile; fileRef = 536B1CB9266247EC000578F7 /* Main.storyboard */; };
		536B1CBD266247ED000578F7 /* Assets.xcassets in Resources */ = {isa = PBXBuildFile; fileRef = 536B1CBC266247ED000578F7 /* Assets.xcassets */; };
		536B1CC0266247ED000578F7 /* LaunchScreen.storyboard in Resources */ = {isa = PBXBuildFile; fileRef = 536B1CBE266247ED000578F7 /* LaunchScreen.storyboard */; };
		536B1CC82662482A000578F7 /* Response.swift in Sources */ = {isa = PBXBuildFile; fileRef = 536B1CC72662482A000578F7 /* Response.swift */; };
		536B1CCA2662483B000578F7 /* APPError.swift in Sources */ = {isa = PBXBuildFile; fileRef = 536B1CC92662483B000578F7 /* APPError.swift */; };
		536B1CCE26624864000578F7 /* Service.swift in Sources */ = {isa = PBXBuildFile; fileRef = 536B1CCD26624864000578F7 /* Service.swift */; };
		536B1CD026624875000578F7 /* ItemsViewModel.swift in Sources */ = {isa = PBXBuildFile; fileRef = 536B1CCF26624875000578F7 /* ItemsViewModel.swift */; };
/* End PBXBuildFile section */

/* Begin PBXFileReference section */
		536B1CB0266247EC000578F7 /* PokemonREST.app */ = {isa = PBXFileReference; explicitFileType = wrapper.application; includeInIndex = 0; path = PokemonREST.app; sourceTree = BUILT_PRODUCTS_DIR; };
		536B1CB3266247EC000578F7 /* AppDelegate.swift */ = {isa = PBXFileReference; lastKnownFileType = sourcecode.swift; path = AppDelegate.swift; sourceTree = "<group>"; };
		536B1CB5266247EC000578F7 /* SceneDelegate.swift */ = {isa = PBXFileReference; lastKnownFileType = sourcecode.swift; path = SceneDelegate.swift; sourceTree = "<group>"; };
		536B1CB7266247EC000578F7 /* ItemsViewController.swift */ = {isa = PBXFileReference; lastKnownFileType = sourcecode.swift; path = ItemsViewController.swift; sourceTree = "<group>"; };
		536B1CBA266247EC000578F7 /* Base */ = {isa = PBXFileReference; lastKnownFileType = file.storyboard; name = Base; path = Base.lproj/Main.storyboard; sourceTree = "<group>"; };
		536B1CBC266247ED000578F7 /* Assets.xcassets */ = {isa = PBXFileReference; lastKnownFileType = folder.assetcatalog; path = Assets.xcassets; sourceTree = "<group>"; };
		536B1CBF266247ED000578F7 /* Base */ = {isa = PBXFileReference; lastKnownFileType = file.storyboard; name = Base; path = Base.lproj/LaunchScreen.storyboard; sourceTree = "<group>"; };
		536B1CC1266247ED000578F7 /* Info.plist */ = {isa = PBXFileReference; lastKnownFileType = text.plist.xml; path = Info.plist; sourceTree = "<group>"; };
		536B1CC72662482A000578F7 /* Response.swift */ = {isa = PBXFileReference; lastKnownFileType = sourcecode.swift; path = Response.swift; sourceTree = "<group>"; };
		536B1CC92662483B000578F7 /* APPError.swift */ = {isa = PBXFileReference; lastKnownFileType = sourcecode.swift; path = APPError.swift; sourceTree = "<group>"; };
		536B1CCD26624864000578F7 /* Service.swift */ = {isa = PBXFileReference; lastKnownFileType = sourcecode.swift; path = Service.swift; sourceTree = "<group>"; };
		536B1CCF26624875000578F7 /* ItemsViewModel.swift */ = {isa = PBXFileReference; lastKnownFileType = sourcecode.swift; path = ItemsViewModel.swift; sourceTree = "<group>"; };
/* End PBXFileReference section */

/* Begin PBXFrameworksBuildPhase section */
		536B1CAD266247EC000578F7 /* Frameworks */ = {
			isa = PBXFrameworksBuildPhase;
			buildActionMask = 2147483647;
			files = (
			);
			runOnlyForDeploymentPostprocessing = 0;
		};
/* End PBXFrameworksBuildPhase section */

/* Begin PBXGroup section */
		536B1CA7266247EC000578F7 = {
			isa = PBXGroup;
			children = (
				536B1CB2266247EC000578F7 /* PokemonREST */,
				536B1CB1266247EC000578F7 /* Products */,
			);
			sourceTree = "<group>";
		};
		536B1CB1266247EC000578F7 /* Products */ = {
			isa = PBXGroup;
			children = (
				536B1CB0266247EC000578F7 /* PokemonREST.app */,
			);
			name = Products;
			sourceTree = "<group>";
		};
		536B1CB2266247EC000578F7 /* PokemonREST */ = {
			isa = PBXGroup;
			children = (
				536B1CD3266248F3000578F7 /* Pokemons */,
				536B1CD2266248E6000578F7 /* Networking */,
				536B1CD1266248CF000578F7 /* SupportingFIles */,
				536B1CC1266247ED000578F7 /* Info.plist */,
			);
			path = PokemonREST;
			sourceTree = "<group>";
		};
		536B1CD1266248CF000578F7 /* SupportingFIles */ = {
			isa = PBXGroup;
			children = (
				536B1CB3266247EC000578F7 /* AppDelegate.swift */,
				536B1CB5266247EC000578F7 /* SceneDelegate.swift */,
				536B1CBC266247ED000578F7 /* Assets.xcassets */,
				536B1CBE266247ED000578F7 /* LaunchScreen.storyboard */,
			);
			path = SupportingFIles;
			sourceTree = "<group>";
		};
		536B1CD2266248E6000578F7 /* Networking */ = {
			isa = PBXGroup;
			children = (
				536B1CCD26624864000578F7 /* Service.swift */,
				536B1CC72662482A000578F7 /* Response.swift */,
				536B1CC92662483B000578F7 /* APPError.swift */,
			);
			path = Networking;
			sourceTree = "<group>";
		};
		536B1CD3266248F3000578F7 /* Pokemons */ = {
			isa = PBXGroup;
			children = (
				536B1CB7266247EC000578F7 /* ItemsViewController.swift */,
				536B1CCF26624875000578F7 /* ItemsViewModel.swift */,
				536B1CB9266247EC000578F7 /* Main.storyboard */,
			);
			path = Pokemons;
			sourceTree = "<group>";
		};
/* End PBXGroup section */

/* Begin PBXNativeTarget section */
		536B1CAF266247EC000578F7 /* PokemonREST */ = {
			isa = PBXNativeTarget;
			buildConfigurationList = 536B1CC4266247ED000578F7 /* Build configuration list for PBXNativeTarget "PokemonREST" */;
			buildPhases = (
				536B1CAC266247EC000578F7 /* Sources */,
				536B1CAD266247EC000578F7 /* Frameworks */,
				536B1CAE266247EC000578F7 /* Resources */,
			);
			buildRules = (
			);
			dependencies = (
			);
			name = PokemonREST;
			productName = PokemonREST;
			productReference = 536B1CB0266247EC000578F7 /* PokemonREST.app */;
			productType = "com.apple.product-type.application";
		};
/* End PBXNativeTarget section */

/* Begin PBXProject section */
		536B1CA8266247EC000578F7 /* Project object */ = {
			isa = PBXProject;
			attributes = {
				LastSwiftUpdateCheck = 1250;
				LastUpgradeCheck = 1250;
				TargetAttributes = {
					536B1CAF266247EC000578F7 = {
						CreatedOnToolsVersion = 12.5;
					};
				};
			};
			buildConfigurationList = 536B1CAB266247EC000578F7 /* Build configuration list for PBXProject "PokemonREST" */;
			compatibilityVersion = "Xcode 9.3";
			developmentRegion = en;
			hasScannedForEncodings = 0;
			knownRegions = (
				en,
				Base,
			);
			mainGroup = 536B1CA7266247EC000578F7;
			productRefGroup = 536B1CB1266247EC000578F7 /* Products */;
			projectDirPath = "";
			projectRoot = "";
			targets = (
				536B1CAF266247EC000578F7 /* PokemonREST */,
			);
		};
/* End PBXProject section */

/* Begin PBXResourcesBuildPhase section */
		536B1CAE266247EC000578F7 /* Resources */ = {
			isa = PBXResourcesBuildPhase;
			buildActionMask = 2147483647;
			files = (
				536B1CC0266247ED000578F7 /* LaunchScreen.storyboard in Resources */,
				536B1CBD266247ED000578F7 /* Assets.xcassets in Resources */,
				536B1CBB266247EC000578F7 /* Main.storyboard in Resources */,
			);
			runOnlyForDeploymentPostprocessing = 0;
		};
/* End PBXResourcesBuildPhase section */

/* Begin PBXSourcesBuildPhase section */
		536B1CAC266247EC000578F7 /* Sources */ = {
			isa = PBXSourcesBuildPhase;
			buildActionMask = 2147483647;
			files = (
				536B1CC82662482A000578F7 /* Response.swift in Sources */,
				536B1CB8266247EC000578F7 /* ItemsViewController.swift in Sources */,
				536B1CD026624875000578F7 /* ItemsViewModel.swift in Sources */,
				536B1CB4266247EC000578F7 /* AppDelegate.swift in Sources */,
				536B1CCA2662483B000578F7 /* APPError.swift in Sources */,
				536B1CB6266247EC000578F7 /* SceneDelegate.swift in Sources */,
				536B1CCE26624864000578F7 /* Service.swift in Sources */,
			);
			runOnlyForDeploymentPostprocessing = 0;
		};
/* End PBXSourcesBuildPhase section */

/* Begin PBXVariantGroup section */
		536B1CB9266247EC000578F7 /* Main.storyboard */ = {
			isa = PBXVariantGroup;
			children = (
				536B1CBA266247EC000578F7 /* Base */,
			);
			name = Main.storyboard;
			sourceTree = "<group>";
		};
		536B1CBE266247ED000578F7 /* LaunchScreen.storyboard */ = {
			isa = PBXVariantGroup;
			children = (
				536B1CBF266247ED000578F7 /* Base */,
			);
			name = LaunchScreen.storyboard;
			sourceTree = "<group>";
		};
/* End PBXVariantGroup section */

/* Begin XCBuildConfiguration section */
		536B1CC2266247ED000578F7 /* Debug */ = {
			isa = XCBuildConfiguration;
			buildSettings = {
				ALWAYS_SEARCH_USER_PATHS = NO;
				CLANG_ANALYZER_NONNULL = YES;
				CLANG_ANALYZER_NUMBER_OBJECT_CONVERSION = YES_AGGRESSIVE;
				CLANG_CXX_LANGUAGE_STANDARD = "gnu++14";
				CLANG_CXX_LIBRARY = "libc++";
				CLANG_ENABLE_MODULES = YES;
				CLANG_ENABLE_OBJC_ARC = YES;
				CLANG_ENABLE_OBJC_WEAK = YES;
				CLANG_WARN_BLOCK_CAPTURE_AUTORELEASING = YES;
				CLANG_WARN_BOOL_CONVERSION = YES;
				CLANG_WARN_COMMA = YES;
				CLANG_WARN_CONSTANT_CONVERSION = YES;
				CLANG_WARN_DEPRECATED_OBJC_IMPLEMENTATIONS = YES;
				CLANG_WARN_DIRECT_OBJC_ISA_USAGE = YES_ERROR;
				CLANG_WARN_DOCUMENTATION_COMMENTS = YES;
				CLANG_WARN_EMPTY_BODY = YES;
				CLANG_WARN_ENUM_CONVERSION = YES;
				CLANG_WARN_INFINITE_RECURSION = YES;
				CLANG_WARN_INT_CONVERSION = YES;
				CLANG_WARN_NON_LITERAL_NULL_CONVERSION = YES;
				CLANG_WARN_OBJC_IMPLICIT_RETAIN_SELF = YES;
				CLANG_WARN_OBJC_LITERAL_CONVERSION = YES;
				CLANG_WARN_OBJC_ROOT_CLASS = YES_ERROR;
				CLANG_WARN_QUOTED_INCLUDE_IN_FRAMEWORK_HEADER = YES;
				CLANG_WARN_RANGE_LOOP_ANALYSIS = YES;
				CLANG_WARN_STRICT_PROTOTYPES = YES;
				CLANG_WARN_SUSPICIOUS_MOVE = YES;
				CLANG_WARN_UNGUARDED_AVAILABILITY = YES_AGGRESSIVE;
				CLANG_WARN_UNREACHABLE_CODE = YES;
				CLANG_WARN__DUPLICATE_METHOD_MATCH = YES;
				COPY_PHASE_STRIP = NO;
				DEBUG_INFORMATION_FORMAT = dwarf;
				ENABLE_STRICT_OBJC_MSGSEND = YES;
				ENABLE_TESTABILITY = YES;
				GCC_C_LANGUAGE_STANDARD = gnu11;
				GCC_DYNAMIC_NO_PIC = NO;
				GCC_NO_COMMON_BLOCKS = YES;
				GCC_OPTIMIZATION_LEVEL = 0;
				GCC_PREPROCESSOR_DEFINITIONS = (
					"DEBUG=1",
					"$(inherited)",
				);
				GCC_WARN_64_TO_32_BIT_CONVERSION = YES;
				GCC_WARN_ABOUT_RETURN_TYPE = YES_ERROR;
				GCC_WARN_UNDECLARED_SELECTOR = YES;
				GCC_WARN_UNINITIALIZED_AUTOS = YES_AGGRESSIVE;
				GCC_WARN_UNUSED_FUNCTION = YES;
				GCC_WARN_UNUSED_VARIABLE = YES;
				IPHONEOS_DEPLOYMENT_TARGET = 14.5;
				MTL_ENABLE_DEBUG_INFO = INCLUDE_SOURCE;
				MTL_FAST_MATH = YES;
				ONLY_ACTIVE_ARCH = YES;
				SDKROOT = iphoneos;
				SWIFT_ACTIVE_COMPILATION_CONDITIONS = DEBUG;
				SWIFT_OPTIMIZATION_LEVEL = "-Onone";
			};
			name = Debug;
		};
		536B1CC3266247ED000578F7 /* Release */ = {
			isa = XCBuildConfiguration;
			buildSettings = {
				ALWAYS_SEARCH_USER_PATHS = NO;
				CLANG_ANALYZER_NONNULL = YES;
				CLANG_ANALYZER_NUMBER_OBJECT_CONVERSION = YES_AGGRESSIVE;
				CLANG_CXX_LANGUAGE_STANDARD = "gnu++14";
				CLANG_CXX_LIBRARY = "libc++";
				CLANG_ENABLE_MODULES = YES;
				CLANG_ENABLE_OBJC_ARC = YES;
				CLANG_ENABLE_OBJC_WEAK = YES;
				CLANG_WARN_BLOCK_CAPTURE_AUTORELEASING = YES;
				CLANG_WARN_BOOL_CONVERSION = YES;
				CLANG_WARN_COMMA = YES;
				CLANG_WARN_CONSTANT_CONVERSION = YES;
				CLANG_WARN_DEPRECATED_OBJC_IMPLEMENTATIONS = YES;
				CLANG_WARN_DIRECT_OBJC_ISA_USAGE = YES_ERROR;
				CLANG_WARN_DOCUMENTATION_COMMENTS = YES;
				CLANG_WARN_EMPTY_BODY = YES;
				CLANG_WARN_ENUM_CONVERSION = YES;
				CLANG_WARN_INFINITE_RECURSION = YES;
				CLANG_WARN_INT_CONVERSION = YES;
				CLANG_WARN_NON_LITERAL_NULL_CONVERSION = YES;
				CLANG_WARN_OBJC_IMPLICIT_RETAIN_SELF = YES;
				CLANG_WARN_OBJC_LITERAL_CONVERSION = YES;
				CLANG_WARN_OBJC_ROOT_CLASS = YES_ERROR;
				CLANG_WARN_QUOTED_INCLUDE_IN_FRAMEWORK_HEADER = YES;
				CLANG_WARN_RANGE_LOOP_ANALYSIS = YES;
				CLANG_WARN_STRICT_PROTOTYPES = YES;
				CLANG_WARN_SUSPICIOUS_MOVE = YES;
				CLANG_WARN_UNGUARDED_AVAILABILITY = YES_AGGRESSIVE;
				CLANG_WARN_UNREACHABLE_CODE = YES;
				CLANG_WARN__DUPLICATE_METHOD_MATCH = YES;
				COPY_PHASE_STRIP = NO;
				DEBUG_INFORMATION_FORMAT = "dwarf-with-dsym";
				ENABLE_NS_ASSERTIONS = NO;
				ENABLE_STRICT_OBJC_MSGSEND = YES;
				GCC_C_LANGUAGE_STANDARD = gnu11;
				GCC_NO_COMMON_BLOCKS = YES;
				GCC_WARN_64_TO_32_BIT_CONVERSION = YES;
				GCC_WARN_ABOUT_RETURN_TYPE = YES_ERROR;
				GCC_WARN_UNDECLARED_SELECTOR = YES;
				GCC_WARN_UNINITIALIZED_AUTOS = YES_AGGRESSIVE;
				GCC_WARN_UNUSED_FUNCTION = YES;
				GCC_WARN_UNUSED_VARIABLE = YES;
				IPHONEOS_DEPLOYMENT_TARGET = 14.5;
				MTL_ENABLE_DEBUG_INFO = NO;
				MTL_FAST_MATH = YES;
				SDKROOT = iphoneos;
				SWIFT_COMPILATION_MODE = wholemodule;
				SWIFT_OPTIMIZATION_LEVEL = "-O";
				VALIDATE_PRODUCT = YES;
			};
			name = Release;
		};
		536B1CC5266247ED000578F7 /* Debug */ = {
			isa = XCBuildConfiguration;
			buildSettings = {
				ASSETCATALOG_COMPILER_APPICON_NAME = AppIcon;
				ASSETCATALOG_COMPILER_GLOBAL_ACCENT_COLOR_NAME = AccentColor;
				CODE_SIGN_STYLE = Automatic;
				DEVELOPMENT_TEAM = FAJ4V9RHA6;
				INFOPLIST_FILE = PokemonREST/Info.plist;
				LD_RUNPATH_SEARCH_PATHS = (
					"$(inherited)",
					"@executable_path/Frameworks",
				);
				PRODUCT_BUNDLE_IDENTIFIER = com.oleksii.kolomiiets.PokemonREST;
				PRODUCT_NAME = "$(TARGET_NAME)";
				SWIFT_VERSION = 5.0;
				TARGETED_DEVICE_FAMILY = "1,2";
			};
			name = Debug;
		};
		536B1CC6266247ED000578F7 /* Release */ = {
			isa = XCBuildConfiguration;
			buildSettings = {
				ASSETCATALOG_COMPILER_APPICON_NAME = AppIcon;
				ASSETCATALOG_COMPILER_GLOBAL_ACCENT_COLOR_NAME = AccentColor;
				CODE_SIGN_STYLE = Automatic;
				DEVELOPMENT_TEAM = FAJ4V9RHA6;
				INFOPLIST_FILE = PokemonREST/Info.plist;
				LD_RUNPATH_SEARCH_PATHS = (
					"$(inherited)",
					"@executable_path/Frameworks",
				);
				PRODUCT_BUNDLE_IDENTIFIER = com.oleksii.kolomiiets.PokemonREST;
				PRODUCT_NAME = "$(TARGET_NAME)";
				SWIFT_VERSION = 5.0;
				TARGETED_DEVICE_FAMILY = "1,2";
			};
			name = Release;
		};
/* End XCBuildConfiguration section */

/* Begin XCConfigurationList section */
		536B1CAB266247EC000578F7 /* Build configuration list for PBXProject "PokemonREST" */ = {
			isa = XCConfigurationList;
			buildConfigurations = (
				536B1CC2266247ED000578F7 /* Debug */,
				536B1CC3266247ED000578F7 /* Release */,
			);
			defaultConfigurationIsVisible = 0;
			defaultConfigurationName = Release;
		};
		536B1CC4266247ED000578F7 /* Build configuration list for PBXNativeTarget "PokemonREST" */ = {
			isa = XCConfigurationList;
			buildConfigurations = (
				536B1CC5266247ED000578F7 /* Debug */,
				536B1CC6266247ED000578F7 /* Release */,
			);
			defaultConfigurationIsVisible = 0;
			defaultConfigurationName = Release;
		};
/* End XCConfigurationList section */
	};
	rootObject = 536B1CA8266247EC000578F7 /* Project object */;
}
